<?xml version="1.0" encoding="utf-8"?>
<Project ToolsVersion="4.0" xmlns="http://schemas.microsoft.com/developer/msbuild/2003">
  <ItemGroup>
    <Filter Include="Editor">
      <UniqueIdentifier>{8C1A20B0-78BC-4A86-6177-5EDA4DB8D1D6}</UniqueIdentifier>
    </Filter>
    <Filter Include="EditorUI">
      <UniqueIdentifier>{CAF89038-B6C5-EB43-DFDE-D9EBCB0A21D2}</UniqueIdentifier>
    </Filter>
    <Filter Include="EditorUI\ECS">
      <UniqueIdentifier>{1442AF96-00A5-3E3B-A92A-77F1956C0ABE}</UniqueIdentifier>
    </Filter>
  </ItemGroup>
  <ItemGroup>
    <ClInclude Include="src\Engine2D.h" />
    <ClInclude Include="src\EditorLayer.h" />
  </ItemGroup>
  <ItemGroup>
    <ClCompile Include="src\App.cpp" />
    <ClCompile Include="src\Engine2D.cpp" />
    <ClCompile Include="src\EditorLayer.cpp" />
  </ItemGroup>
</Project>