<?xml version="1.0" encoding="utf-8"?>
<Project ToolsVersion="4.0" xmlns="http://schemas.microsoft.com/developer/msbuild/2003">
  <ItemGroup>
    <Filter Include="EditorUI">
      <UniqueIdentifier>{CAF89038-B6C5-EB43-DFDE-D9EBCB0A21D2}</UniqueIdentifier>
    </Filter>
  </ItemGroup>
  <ItemGroup>
    <ClInclude Include="src\EditorUI\EngineUI.h">
      <Filter>EditorUI</Filter>
    </ClInclude>
    <ClInclude Include="src\EditorUI\EngineUIData.h">
      <Filter>EditorUI</Filter>
    </ClInclude>
    <ClInclude Include="src\Engine2D.h" />
  </ItemGroup>
  <ItemGroup>
    <ClCompile Include="src\App.cpp" />
    <ClCompile Include="src\EditorUI\EngineUI.cpp">
      <Filter>EditorUI</Filter>
    </ClCompile>
    <ClCompile Include="src\Engine2D.cpp" />
  </ItemGroup>
</Project>